// !$*UTF8*$!
{
	archiveVersion = 1;
	classes = {
	};
	objectVersion = 55;
	objects = {

/* Begin PBXBuildFile section */
		880D21FF27F086790059E6B9 /* FriendsTableViewCell.swift in Sources */ = {isa = PBXBuildFile; fileRef = 880D21FE27F086790059E6B9 /* FriendsTableViewCell.swift */; };
		880D220327F089EA0059E6B9 /* Friends.swift in Sources */ = {isa = PBXBuildFile; fileRef = 880D220227F089EA0059E6B9 /* Friends.swift */; };
		880D220927F09D710059E6B9 /* GroupsTableViewController.swift in Sources */ = {isa = PBXBuildFile; fileRef = 880D220827F09D710059E6B9 /* GroupsTableViewController.swift */; };
		880D221027F09F370059E6B9 /* GroupsTableViewCell.swift in Sources */ = {isa = PBXBuildFile; fileRef = 880D220F27F09F370059E6B9 /* GroupsTableViewCell.swift */; };
		880D221527F0D12D0059E6B9 /* AllGroupsTableViewController.swift in Sources */ = {isa = PBXBuildFile; fileRef = 880D221427F0D12D0059E6B9 /* AllGroupsTableViewController.swift */; };
		882EE93D27E9ECC50024A451 /* AppDelegate.swift in Sources */ = {isa = PBXBuildFile; fileRef = 882EE93C27E9ECC50024A451 /* AppDelegate.swift */; };
		882EE93F27E9ECC50024A451 /* SceneDelegate.swift in Sources */ = {isa = PBXBuildFile; fileRef = 882EE93E27E9ECC50024A451 /* SceneDelegate.swift */; };
		882EE94127E9ECC50024A451 /* ViewController.swift in Sources */ = {isa = PBXBuildFile; fileRef = 882EE94027E9ECC50024A451 /* ViewController.swift */; };
		882EE94427E9ECC50024A451 /* Main.storyboard in Resources */ = {isa = PBXBuildFile; fileRef = 882EE94227E9ECC50024A451 /* Main.storyboard */; };
		882EE94727E9ECC50024A451 /* CrossFit19_05.xcdatamodeld in Sources */ = {isa = PBXBuildFile; fileRef = 882EE94527E9ECC50024A451 /* CrossFit19_05.xcdatamodeld */; };
		882EE94927E9ECC70024A451 /* Assets.xcassets in Resources */ = {isa = PBXBuildFile; fileRef = 882EE94827E9ECC70024A451 /* Assets.xcassets */; };
		882EE94C27E9ECC70024A451 /* LaunchScreen.storyboard in Resources */ = {isa = PBXBuildFile; fileRef = 882EE94A27E9ECC70024A451 /* LaunchScreen.storyboard */; };
		88646D8427F880AE0037D73A /* LikeControl.swift in Sources */ = {isa = PBXBuildFile; fileRef = 88646D8327F880AE0037D73A /* LikeControl.swift */; };
		8883DE4127F7164E00A41492 /* dataSource.swift in Sources */ = {isa = PBXBuildFile; fileRef = 8883DE4027F7164E00A41492 /* dataSource.swift */; };
		8883DE4527F71E2B00A41492 /* DrawView.swift in Sources */ = {isa = PBXBuildFile; fileRef = 8883DE4427F71E2B00A41492 /* DrawView.swift */; };
		88B62BC127F9E0A8005EE67B /* GradientView.swift in Sources */ = {isa = PBXBuildFile; fileRef = 88B62BC027F9E0A8005EE67B /* GradientView.swift */; };
		88B7E39327F0D5EF0029141C /* AllGroupsTableViewCell.swift in Sources */ = {isa = PBXBuildFile; fileRef = 88B7E39227F0D5EF0029141C /* AllGroupsTableViewCell.swift */; };
		88B7E39627F1A7580029141C /* FotoCollectionViewController.swift in Sources */ = {isa = PBXBuildFile; fileRef = 88B7E39527F1A7580029141C /* FotoCollectionViewController.swift */; };
		88B7E39827F1A7B30029141C /* FotoCollectionViewCell.swift in Sources */ = {isa = PBXBuildFile; fileRef = 88B7E39727F1A7B30029141C /* FotoCollectionViewCell.swift */; };
		88C5743A27F082FD00FDCEB9 /* FriendsTableViewController.swift in Sources */ = {isa = PBXBuildFile; fileRef = 88C5743927F082FD00FDCEB9 /* FriendsTableViewController.swift */; };
/* End PBXBuildFile section */

/* Begin PBXFileReference section */
		880D21FE27F086790059E6B9 /* FriendsTableViewCell.swift */ = {isa = PBXFileReference; lastKnownFileType = sourcecode.swift; path = FriendsTableViewCell.swift; sourceTree = "<group>"; };
		880D220227F089EA0059E6B9 /* Friends.swift */ = {isa = PBXFileReference; lastKnownFileType = sourcecode.swift; path = Friends.swift; sourceTree = "<group>"; };
		880D220827F09D710059E6B9 /* GroupsTableViewController.swift */ = {isa = PBXFileReference; lastKnownFileType = sourcecode.swift; path = GroupsTableViewController.swift; sourceTree = "<group>"; };
		880D220F27F09F370059E6B9 /* GroupsTableViewCell.swift */ = {isa = PBXFileReference; lastKnownFileType = sourcecode.swift; path = GroupsTableViewCell.swift; sourceTree = "<group>"; };
		880D221427F0D12D0059E6B9 /* AllGroupsTableViewController.swift */ = {isa = PBXFileReference; lastKnownFileType = sourcecode.swift; path = AllGroupsTableViewController.swift; sourceTree = "<group>"; };
		882EE93927E9ECC50024A451 /* CrossFit19.05.app */ = {isa = PBXFileReference; explicitFileType = wrapper.application; includeInIndex = 0; path = CrossFit19.05.app; sourceTree = BUILT_PRODUCTS_DIR; };
		882EE93C27E9ECC50024A451 /* AppDelegate.swift */ = {isa = PBXFileReference; lastKnownFileType = sourcecode.swift; path = AppDelegate.swift; sourceTree = "<group>"; };
		882EE93E27E9ECC50024A451 /* SceneDelegate.swift */ = {isa = PBXFileReference; lastKnownFileType = sourcecode.swift; path = SceneDelegate.swift; sourceTree = "<group>"; };
		882EE94027E9ECC50024A451 /* ViewController.swift */ = {isa = PBXFileReference; lastKnownFileType = sourcecode.swift; path = ViewController.swift; sourceTree = "<group>"; };
		882EE94327E9ECC50024A451 /* Base */ = {isa = PBXFileReference; lastKnownFileType = file.storyboard; name = Base; path = Base.lproj/Main.storyboard; sourceTree = "<group>"; };
		882EE94627E9ECC50024A451 /* CrossFit19_05.xcdatamodel */ = {isa = PBXFileReference; lastKnownFileType = wrapper.xcdatamodel; path = CrossFit19_05.xcdatamodel; sourceTree = "<group>"; };
		882EE94827E9ECC70024A451 /* Assets.xcassets */ = {isa = PBXFileReference; lastKnownFileType = folder.assetcatalog; path = Assets.xcassets; sourceTree = "<group>"; };
		882EE94B27E9ECC70024A451 /* Base */ = {isa = PBXFileReference; lastKnownFileType = file.storyboard; name = Base; path = Base.lproj/LaunchScreen.storyboard; sourceTree = "<group>"; };
		882EE94D27E9ECC70024A451 /* Info.plist */ = {isa = PBXFileReference; lastKnownFileType = text.plist.xml; path = Info.plist; sourceTree = "<group>"; };
		88646D8327F880AE0037D73A /* LikeControl.swift */ = {isa = PBXFileReference; lastKnownFileType = sourcecode.swift; path = LikeControl.swift; sourceTree = "<group>"; };
		8883DE4027F7164E00A41492 /* dataSource.swift */ = {isa = PBXFileReference; lastKnownFileType = sourcecode.swift; path = dataSource.swift; sourceTree = "<group>"; };
		8883DE4427F71E2B00A41492 /* DrawView.swift */ = {isa = PBXFileReference; lastKnownFileType = sourcecode.swift; name = DrawView.swift; path = Model/DrawView.swift; sourceTree = "<group>"; };
		88B62BC027F9E0A8005EE67B /* GradientView.swift */ = {isa = PBXFileReference; lastKnownFileType = sourcecode.swift; path = GradientView.swift; sourceTree = "<group>"; };
		88B7E39227F0D5EF0029141C /* AllGroupsTableViewCell.swift */ = {isa = PBXFileReference; lastKnownFileType = sourcecode.swift; path = AllGroupsTableViewCell.swift; sourceTree = "<group>"; };
		88B7E39527F1A7580029141C /* FotoCollectionViewController.swift */ = {isa = PBXFileReference; lastKnownFileType = sourcecode.swift; path = FotoCollectionViewController.swift; sourceTree = "<group>"; };
		88B7E39727F1A7B30029141C /* FotoCollectionViewCell.swift */ = {isa = PBXFileReference; lastKnownFileType = sourcecode.swift; path = FotoCollectionViewCell.swift; sourceTree = "<group>"; };
		88C5743927F082FD00FDCEB9 /* FriendsTableViewController.swift */ = {isa = PBXFileReference; lastKnownFileType = sourcecode.swift; path = FriendsTableViewController.swift; sourceTree = "<group>"; };
/* End PBXFileReference section */

/* Begin PBXFrameworksBuildPhase section */
		882EE93627E9ECC50024A451 /* Frameworks */ = {
			isa = PBXFrameworksBuildPhase;
			buildActionMask = 2147483647;
			files = (
			);
			runOnlyForDeploymentPostprocessing = 0;
		};
/* End PBXFrameworksBuildPhase section */

/* Begin PBXGroup section */
		880D220127F089A30059E6B9 /* Model */ = {
			isa = PBXGroup;
			children = (
				880D220227F089EA0059E6B9 /* Friends.swift */,
				8883DE4027F7164E00A41492 /* dataSource.swift */,
			);
			path = Model;
			sourceTree = "<group>";
		};
		880D220D27F09E100059E6B9 /* Friends */ = {
			isa = PBXGroup;
			children = (
				88C5743927F082FD00FDCEB9 /* FriendsTableViewController.swift */,
				880D21FE27F086790059E6B9 /* FriendsTableViewCell.swift */,
			);
			path = Friends;
			sourceTree = "<group>";
		};
		880D220E27F09E2A0059E6B9 /* Groups */ = {
			isa = PBXGroup;
			children = (
				880D220827F09D710059E6B9 /* GroupsTableViewController.swift */,
				880D220F27F09F370059E6B9 /* GroupsTableViewCell.swift */,
			);
			path = Groups;
			sourceTree = "<group>";
		};
		882EE93027E9ECC50024A451 = {
			isa = PBXGroup;
			children = (
				882EE93B27E9ECC50024A451 /* CrossFit19.05 */,
				882EE93A27E9ECC50024A451 /* Products */,
			);
			sourceTree = "<group>";
		};
		882EE93A27E9ECC50024A451 /* Products */ = {
			isa = PBXGroup;
			children = (
				882EE93927E9ECC50024A451 /* CrossFit19.05.app */,
			);
			name = Products;
			sourceTree = "<group>";
		};
		882EE93B27E9ECC50024A451 /* CrossFit19.05 */ = {
			isa = PBXGroup;
			children = (
				882EE93C27E9ECC50024A451 /* AppDelegate.swift */,
				882EE93E27E9ECC50024A451 /* SceneDelegate.swift */,
				882EE94027E9ECC50024A451 /* ViewController.swift */,
				882EE94227E9ECC50024A451 /* Main.storyboard */,
				882EE94827E9ECC70024A451 /* Assets.xcassets */,
				882EE94A27E9ECC70024A451 /* LaunchScreen.storyboard */,
				882EE94D27E9ECC70024A451 /* Info.plist */,
				882EE94527E9ECC50024A451 /* CrossFit19_05.xcdatamodeld */,
				880D220E27F09E2A0059E6B9 /* Groups */,
				88FE6B7D27F31D1700361545 /* AllGroups */,
				88B7E39427F1A5530029141C /* FotoFriends */,
				880D220D27F09E100059E6B9 /* Friends */,
				880D220127F089A30059E6B9 /* Model */,
				88646D8327F880AE0037D73A /* LikeControl.swift */,
				8883DE4427F71E2B00A41492 /* DrawView.swift */,
				88B62BC027F9E0A8005EE67B /* GradientView.swift */,
			);
			path = CrossFit19.05;
			sourceTree = "<group>";
		};
		88B7E39427F1A5530029141C /* FotoFriends */ = {
			isa = PBXGroup;
			children = (
				88B7E39527F1A7580029141C /* FotoCollectionViewController.swift */,
				88B7E39727F1A7B30029141C /* FotoCollectionViewCell.swift */,
			);
			name = FotoFriends;
			sourceTree = "<group>";
		};
		88FE6B7D27F31D1700361545 /* AllGroups */ = {
			isa = PBXGroup;
			children = (
				880D221427F0D12D0059E6B9 /* AllGroupsTableViewController.swift */,
				88B7E39227F0D5EF0029141C /* AllGroupsTableViewCell.swift */,
			);
			path = AllGroups;
			sourceTree = "<group>";
		};
/* End PBXGroup section */

/* Begin PBXNativeTarget section */
		882EE93827E9ECC50024A451 /* CrossFit19.05 */ = {
			isa = PBXNativeTarget;
			buildConfigurationList = 882EE95027E9ECC70024A451 /* Build configuration list for PBXNativeTarget "CrossFit19.05" */;
			buildPhases = (
				882EE93527E9ECC50024A451 /* Sources */,
				882EE93627E9ECC50024A451 /* Frameworks */,
				882EE93727E9ECC50024A451 /* Resources */,
			);
			buildRules = (
			);
			dependencies = (
			);
			name = CrossFit19.05;
			productName = CrossFit19.05;
			productReference = 882EE93927E9ECC50024A451 /* CrossFit19.05.app */;
			productType = "com.apple.product-type.application";
		};
/* End PBXNativeTarget section */

/* Begin PBXProject section */
		882EE93127E9ECC50024A451 /* Project object */ = {
			isa = PBXProject;
			attributes = {
				BuildIndependentTargetsInParallel = 1;
				LastSwiftUpdateCheck = 1320;
				LastUpgradeCheck = 1320;
				TargetAttributes = {
					882EE93827E9ECC50024A451 = {
						CreatedOnToolsVersion = 13.2.1;
					};
				};
			};
			buildConfigurationList = 882EE93427E9ECC50024A451 /* Build configuration list for PBXProject "CrossFit19.05" */;
			compatibilityVersion = "Xcode 13.0";
			developmentRegion = en;
			hasScannedForEncodings = 0;
			knownRegions = (
				en,
				Base,
			);
			mainGroup = 882EE93027E9ECC50024A451;
			productRefGroup = 882EE93A27E9ECC50024A451 /* Products */;
			projectDirPath = "";
			projectRoot = "";
			targets = (
				882EE93827E9ECC50024A451 /* CrossFit19.05 */,
			);
		};
/* End PBXProject section */

/* Begin PBXResourcesBuildPhase section */
		882EE93727E9ECC50024A451 /* Resources */ = {
			isa = PBXResourcesBuildPhase;
			buildActionMask = 2147483647;
			files = (
				882EE94C27E9ECC70024A451 /* LaunchScreen.storyboard in Resources */,
				882EE94927E9ECC70024A451 /* Assets.xcassets in Resources */,
				882EE94427E9ECC50024A451 /* Main.storyboard in Resources */,
			);
			runOnlyForDeploymentPostprocessing = 0;
		};
/* End PBXResourcesBuildPhase section */

/* Begin PBXSourcesBuildPhase section */
		882EE93527E9ECC50024A451 /* Sources */ = {
			isa = PBXSourcesBuildPhase;
			buildActionMask = 2147483647;
			files = (
				882EE94127E9ECC50024A451 /* ViewController.swift in Sources */,
				88B7E39827F1A7B30029141C /* FotoCollectionViewCell.swift in Sources */,
				88646D8427F880AE0037D73A /* LikeControl.swift in Sources */,
				880D220927F09D710059E6B9 /* GroupsTableViewController.swift in Sources */,
				880D220327F089EA0059E6B9 /* Friends.swift in Sources */,
				88B62BC127F9E0A8005EE67B /* GradientView.swift in Sources */,
				880D221527F0D12D0059E6B9 /* AllGroupsTableViewController.swift in Sources */,
				882EE94727E9ECC50024A451 /* CrossFit19_05.xcdatamodeld in Sources */,
				8883DE4127F7164E00A41492 /* dataSource.swift in Sources */,
				880D221027F09F370059E6B9 /* GroupsTableViewCell.swift in Sources */,
				882EE93D27E9ECC50024A451 /* AppDelegate.swift in Sources */,
				880D21FF27F086790059E6B9 /* FriendsTableViewCell.swift in Sources */,
				88B7E39627F1A7580029141C /* FotoCollectionViewController.swift in Sources */,
				8883DE4527F71E2B00A41492 /* DrawView.swift in Sources */,
				88B7E39327F0D5EF0029141C /* AllGroupsTableViewCell.swift in Sources */,
				882EE93F27E9ECC50024A451 /* SceneDelegate.swift in Sources */,
				88C5743A27F082FD00FDCEB9 /* FriendsTableViewController.swift in Sources */,
			);
			runOnlyForDeploymentPostprocessing = 0;
		};
/* End PBXSourcesBuildPhase section */

/* Begin PBXVariantGroup section */
		882EE94227E9ECC50024A451 /* Main.storyboard */ = {
			isa = PBXVariantGroup;
			children = (
				882EE94327E9ECC50024A451 /* Base */,
			);
			name = Main.storyboard;
			sourceTree = "<group>";
		};
		882EE94A27E9ECC70024A451 /* LaunchScreen.storyboard */ = {
			isa = PBXVariantGroup;
			children = (
				882EE94B27E9ECC70024A451 /* Base */,
			);
			name = LaunchScreen.storyboard;
			sourceTree = "<group>";
		};
/* End PBXVariantGroup section */

/* Begin XCBuildConfiguration section */
		882EE94E27E9ECC70024A451 /* Debug */ = {
			isa = XCBuildConfiguration;
			buildSettings = {
				ALWAYS_SEARCH_USER_PATHS = NO;
				CLANG_ANALYZER_NONNULL = YES;
				CLANG_ANALYZER_NUMBER_OBJECT_CONVERSION = YES_AGGRESSIVE;
				CLANG_CXX_LANGUAGE_STANDARD = "gnu++17";
				CLANG_CXX_LIBRARY = "libc++";
				CLANG_ENABLE_MODULES = YES;
				CLANG_ENABLE_OBJC_ARC = YES;
				CLANG_ENABLE_OBJC_WEAK = YES;
				CLANG_WARN_BLOCK_CAPTURE_AUTORELEASING = YES;
				CLANG_WARN_BOOL_CONVERSION = YES;
				CLANG_WARN_COMMA = YES;
				CLANG_WARN_CONSTANT_CONVERSION = YES;
				CLANG_WARN_DEPRECATED_OBJC_IMPLEMENTATIONS = YES;
				CLANG_WARN_DIRECT_OBJC_ISA_USAGE = YES_ERROR;
				CLANG_WARN_DOCUMENTATION_COMMENTS = YES;
				CLANG_WARN_EMPTY_BODY = YES;
				CLANG_WARN_ENUM_CONVERSION = YES;
				CLANG_WARN_INFINITE_RECURSION = YES;
				CLANG_WARN_INT_CONVERSION = YES;
				CLANG_WARN_NON_LITERAL_NULL_CONVERSION = YES;
				CLANG_WARN_OBJC_IMPLICIT_RETAIN_SELF = YES;
				CLANG_WARN_OBJC_LITERAL_CONVERSION = YES;
				CLANG_WARN_OBJC_ROOT_CLASS = YES_ERROR;
				CLANG_WARN_QUOTED_INCLUDE_IN_FRAMEWORK_HEADER = YES;
				CLANG_WARN_RANGE_LOOP_ANALYSIS = YES;
				CLANG_WARN_STRICT_PROTOTYPES = YES;
				CLANG_WARN_SUSPICIOUS_MOVE = YES;
				CLANG_WARN_UNGUARDED_AVAILABILITY = YES_AGGRESSIVE;
				CLANG_WARN_UNREACHABLE_CODE = YES;
				CLANG_WARN__DUPLICATE_METHOD_MATCH = YES;
				COPY_PHASE_STRIP = NO;
				DEBUG_INFORMATION_FORMAT = dwarf;
				ENABLE_STRICT_OBJC_MSGSEND = YES;
				ENABLE_TESTABILITY = YES;
				GCC_C_LANGUAGE_STANDARD = gnu11;
				GCC_DYNAMIC_NO_PIC = NO;
				GCC_NO_COMMON_BLOCKS = YES;
				GCC_OPTIMIZATION_LEVEL = 0;
				GCC_PREPROCESSOR_DEFINITIONS = (
					"DEBUG=1",
					"$(inherited)",
				);
				GCC_WARN_64_TO_32_BIT_CONVERSION = YES;
				GCC_WARN_ABOUT_RETURN_TYPE = YES_ERROR;
				GCC_WARN_UNDECLARED_SELECTOR = YES;
				GCC_WARN_UNINITIALIZED_AUTOS = YES_AGGRESSIVE;
				GCC_WARN_UNUSED_FUNCTION = YES;
				GCC_WARN_UNUSED_VARIABLE = YES;
				IPHONEOS_DEPLOYMENT_TARGET = 15.2;
				MTL_ENABLE_DEBUG_INFO = INCLUDE_SOURCE;
				MTL_FAST_MATH = YES;
				ONLY_ACTIVE_ARCH = YES;
				SDKROOT = iphoneos;
				SWIFT_ACTIVE_COMPILATION_CONDITIONS = DEBUG;
				SWIFT_OPTIMIZATION_LEVEL = "-Onone";
			};
			name = Debug;
		};
		882EE94F27E9ECC70024A451 /* Release */ = {
			isa = XCBuildConfiguration;
			buildSettings = {
				ALWAYS_SEARCH_USER_PATHS = NO;
				CLANG_ANALYZER_NONNULL = YES;
				CLANG_ANALYZER_NUMBER_OBJECT_CONVERSION = YES_AGGRESSIVE;
				CLANG_CXX_LANGUAGE_STANDARD = "gnu++17";
				CLANG_CXX_LIBRARY = "libc++";
				CLANG_ENABLE_MODULES = YES;
				CLANG_ENABLE_OBJC_ARC = YES;
				CLANG_ENABLE_OBJC_WEAK = YES;
				CLANG_WARN_BLOCK_CAPTURE_AUTORELEASING = YES;
				CLANG_WARN_BOOL_CONVERSION = YES;
				CLANG_WARN_COMMA = YES;
				CLANG_WARN_CONSTANT_CONVERSION = YES;
				CLANG_WARN_DEPRECATED_OBJC_IMPLEMENTATIONS = YES;
				CLANG_WARN_DIRECT_OBJC_ISA_USAGE = YES_ERROR;
				CLANG_WARN_DOCUMENTATION_COMMENTS = YES;
				CLANG_WARN_EMPTY_BODY = YES;
				CLANG_WARN_ENUM_CONVERSION = YES;
				CLANG_WARN_INFINITE_RECURSION = YES;
				CLANG_WARN_INT_CONVERSION = YES;
				CLANG_WARN_NON_LITERAL_NULL_CONVERSION = YES;
				CLANG_WARN_OBJC_IMPLICIT_RETAIN_SELF = YES;
				CLANG_WARN_OBJC_LITERAL_CONVERSION = YES;
				CLANG_WARN_OBJC_ROOT_CLASS = YES_ERROR;
				CLANG_WARN_QUOTED_INCLUDE_IN_FRAMEWORK_HEADER = YES;
				CLANG_WARN_RANGE_LOOP_ANALYSIS = YES;
				CLANG_WARN_STRICT_PROTOTYPES = YES;
				CLANG_WARN_SUSPICIOUS_MOVE = YES;
				CLANG_WARN_UNGUARDED_AVAILABILITY = YES_AGGRESSIVE;
				CLANG_WARN_UNREACHABLE_CODE = YES;
				CLANG_WARN__DUPLICATE_METHOD_MATCH = YES;
				COPY_PHASE_STRIP = NO;
				DEBUG_INFORMATION_FORMAT = "dwarf-with-dsym";
				ENABLE_NS_ASSERTIONS = NO;
				ENABLE_STRICT_OBJC_MSGSEND = YES;
				GCC_C_LANGUAGE_STANDARD = gnu11;
				GCC_NO_COMMON_BLOCKS = YES;
				GCC_WARN_64_TO_32_BIT_CONVERSION = YES;
				GCC_WARN_ABOUT_RETURN_TYPE = YES_ERROR;
				GCC_WARN_UNDECLARED_SELECTOR = YES;
				GCC_WARN_UNINITIALIZED_AUTOS = YES_AGGRESSIVE;
				GCC_WARN_UNUSED_FUNCTION = YES;
				GCC_WARN_UNUSED_VARIABLE = YES;
				IPHONEOS_DEPLOYMENT_TARGET = 15.2;
				MTL_ENABLE_DEBUG_INFO = NO;
				MTL_FAST_MATH = YES;
				SDKROOT = iphoneos;
				SWIFT_COMPILATION_MODE = wholemodule;
				SWIFT_OPTIMIZATION_LEVEL = "-O";
				VALIDATE_PRODUCT = YES;
			};
			name = Release;
		};
		882EE95127E9ECC70024A451 /* Debug */ = {
			isa = XCBuildConfiguration;
			buildSettings = {
				ASSETCATALOG_COMPILER_APPICON_NAME = AppIcon;
				ASSETCATALOG_COMPILER_GLOBAL_ACCENT_COLOR_NAME = AccentColor;
				CODE_SIGN_STYLE = Automatic;
				CURRENT_PROJECT_VERSION = 1;
				DEVELOPMENT_TEAM = STT3Q7TNB6;
				GENERATE_INFOPLIST_FILE = YES;
				INFOPLIST_FILE = CrossFit19.05/Info.plist;
				INFOPLIST_KEY_UIApplicationSupportsIndirectInputEvents = YES;
				INFOPLIST_KEY_UILaunchStoryboardName = LaunchScreen;
				INFOPLIST_KEY_UIMainStoryboardFile = Main;
				INFOPLIST_KEY_UISupportedInterfaceOrientations_iPad = "UIInterfaceOrientationPortrait UIInterfaceOrientationPortraitUpsideDown UIInterfaceOrientationLandscapeLeft UIInterfaceOrientationLandscapeRight";
				INFOPLIST_KEY_UISupportedInterfaceOrientations_iPhone = "UIInterfaceOrientationPortrait UIInterfaceOrientationLandscapeLeft UIInterfaceOrientationLandscapeRight";
				LD_RUNPATH_SEARCH_PATHS = (
					"$(inherited)",
					"@executable_path/Frameworks",
				);
				MARKETING_VERSION = 1.0;
				PRODUCT_BUNDLE_IDENTIFIER = "GBStudy.CrossFit19-05";
				PRODUCT_NAME = "$(TARGET_NAME)";
				SWIFT_EMIT_LOC_STRINGS = YES;
				SWIFT_VERSION = 5.0;
				TARGETED_DEVICE_FAMILY = "1,2";
			};
			name = Debug;
		};
		882EE95227E9ECC70024A451 /* Release */ = {
			isa = XCBuildConfiguration;
			buildSettings = {
				ASSETCATALOG_COMPILER_APPICON_NAME = AppIcon;
				ASSETCATALOG_COMPILER_GLOBAL_ACCENT_COLOR_NAME = AccentColor;
				CODE_SIGN_STYLE = Automatic;
				CURRENT_PROJECT_VERSION = 1;
				DEVELOPMENT_TEAM = STT3Q7TNB6;
				GENERATE_INFOPLIST_FILE = YES;
				INFOPLIST_FILE = CrossFit19.05/Info.plist;
				INFOPLIST_KEY_UIApplicationSupportsIndirectInputEvents = YES;
				INFOPLIST_KEY_UILaunchStoryboardName = LaunchScreen;
				INFOPLIST_KEY_UIMainStoryboardFile = Main;
				INFOPLIST_KEY_UISupportedInterfaceOrientations_iPad = "UIInterfaceOrientationPortrait UIInterfaceOrientationPortraitUpsideDown UIInterfaceOrientationLandscapeLeft UIInterfaceOrientationLandscapeRight";
				INFOPLIST_KEY_UISupportedInterfaceOrientations_iPhone = "UIInterfaceOrientationPortrait UIInterfaceOrientationLandscapeLeft UIInterfaceOrientationLandscapeRight";
				LD_RUNPATH_SEARCH_PATHS = (
					"$(inherited)",
					"@executable_path/Frameworks",
				);
				MARKETING_VERSION = 1.0;
				PRODUCT_BUNDLE_IDENTIFIER = "GBStudy.CrossFit19-05";
				PRODUCT_NAME = "$(TARGET_NAME)";
				SWIFT_EMIT_LOC_STRINGS = YES;
				SWIFT_VERSION = 5.0;
				TARGETED_DEVICE_FAMILY = "1,2";
			};
			name = Release;
		};
/* End XCBuildConfiguration section */

/* Begin XCConfigurationList section */
		882EE93427E9ECC50024A451 /* Build configuration list for PBXProject "CrossFit19.05" */ = {
			isa = XCConfigurationList;
			buildConfigurations = (
				882EE94E27E9ECC70024A451 /* Debug */,
				882EE94F27E9ECC70024A451 /* Release */,
			);
			defaultConfigurationIsVisible = 0;
			defaultConfigurationName = Release;
		};
		882EE95027E9ECC70024A451 /* Build configuration list for PBXNativeTarget "CrossFit19.05" */ = {
			isa = XCConfigurationList;
			buildConfigurations = (
				882EE95127E9ECC70024A451 /* Debug */,
				882EE95227E9ECC70024A451 /* Release */,
			);
			defaultConfigurationIsVisible = 0;
			defaultConfigurationName = Release;
		};
/* End XCConfigurationList section */

/* Begin XCVersionGroup section */
		882EE94527E9ECC50024A451 /* CrossFit19_05.xcdatamodeld */ = {
			isa = XCVersionGroup;
			children = (
				882EE94627E9ECC50024A451 /* CrossFit19_05.xcdatamodel */,
			);
			currentVersion = 882EE94627E9ECC50024A451 /* CrossFit19_05.xcdatamodel */;
			path = CrossFit19_05.xcdatamodeld;
			sourceTree = "<group>";
			versionGroupType = wrapper.xcdatamodel;
		};
/* End XCVersionGroup section */
	};
	rootObject = 882EE93127E9ECC50024A451 /* Project object */;
}
